
Microsoft Visual Studio Solution File, Format Version 12.00
# Visual Studio Version 16
VisualStudioVersion = 16.0.31005.135
MinimumVisualStudioVersion = 10.0.40219.1
Project("{9A19103F-16F7-4668-BE54-9A1E7A4F7556}") = "Brackets Verification", "Bracets Verification\Brackets Verification.csproj", "{D4CDC78B-B42D-421E-A9FF-433032D44EC0}"
EndProject
Project("{FAE04EC0-301F-11D3-BF4B-00C04F79EFBC}") = "BracketsVerificationTests", "BracketsVerificationTests\BracketsVerificationTests.csproj", "{DA694CDD-E7C2-4AEB-A840-AFAD6922FAEC}"
EndProject
Global
	GlobalSection(SolutionConfigurationPlatforms) = preSolution
		Debug|Any CPU = Debug|Any CPU
		Release|Any CPU = Release|Any CPU
	EndGlobalSection
	GlobalSection(ProjectConfigurationPlatforms) = postSolution
		{D4CDC78B-B42D-421E-A9FF-433032D44EC0}.Debug|Any CPU.ActiveCfg = Debug|Any CPU
		{D4CDC78B-B42D-421E-A9FF-433032D44EC0}.Debug|Any CPU.Build.0 = Debug|Any CPU
		{D4CDC78B-B42D-421E-A9FF-433032D44EC0}.Release|Any CPU.ActiveCfg = Release|Any CPU
		{D4CDC78B-B42D-421E-A9FF-433032D44EC0}.Release|Any CPU.Build.0 = Release|Any CPU
		{DA694CDD-E7C2-4AEB-A840-AFAD6922FAEC}.Debug|Any CPU.ActiveCfg = Debug|Any CPU
		{DA694CDD-E7C2-4AEB-A840-AFAD6922FAEC}.Debug|Any CPU.Build.0 = Debug|Any CPU
		{DA694CDD-E7C2-4AEB-A840-AFAD6922FAEC}.Release|Any CPU.ActiveCfg = Release|Any CPU
		{DA694CDD-E7C2-4AEB-A840-AFAD6922FAEC}.Release|Any CPU.Build.0 = Release|Any CPU
	EndGlobalSection
	GlobalSection(SolutionProperties) = preSolution
		HideSolutionNode = FALSE
	EndGlobalSection
	GlobalSection(ExtensibilityGlobals) = postSolution
		SolutionGuid = {4C137B3F-E19B-4347-A06D-7B9A3866DE05}
	EndGlobalSection
EndGlobal
